// !$*UTF8*$!
{
	archiveVersion = 1;
	classes = {
	};
	objectVersion = 48;
	objects = {

/* Begin PBXBuildFile section */
		4FA5C0B4FEE001771DD3182A /* Pods_MapPractice.framework in Frameworks */ = {isa = PBXBuildFile; fileRef = 10FE09A367DDFA5D3A681B51 /* Pods_MapPractice.framework */; };
		8C88836320185E62000EA645 /* AppDelegate.swift in Sources */ = {isa = PBXBuildFile; fileRef = 8C88836220185E62000EA645 /* AppDelegate.swift */; };
		8C88836520185E62000EA645 /* ViewController.swift in Sources */ = {isa = PBXBuildFile; fileRef = 8C88836420185E62000EA645 /* ViewController.swift */; };
		8C88836820185E62000EA645 /* Main.storyboard in Resources */ = {isa = PBXBuildFile; fileRef = 8C88836620185E62000EA645 /* Main.storyboard */; };
		8C88836A20185E63000EA645 /* Assets.xcassets in Resources */ = {isa = PBXBuildFile; fileRef = 8C88836920185E63000EA645 /* Assets.xcassets */; };
		8C88836D20185E63000EA645 /* LaunchScreen.storyboard in Resources */ = {isa = PBXBuildFile; fileRef = 8C88836B20185E63000EA645 /* LaunchScreen.storyboard */; };
/* End PBXBuildFile section */

/* Begin PBXFileReference section */
		10FE09A367DDFA5D3A681B51 /* Pods_MapPractice.framework */ = {isa = PBXFileReference; explicitFileType = wrapper.framework; includeInIndex = 0; path = Pods_MapPractice.framework; sourceTree = BUILT_PRODUCTS_DIR; };
		8C88835F20185E61000EA645 /* MapPractice.app */ = {isa = PBXFileReference; explicitFileType = wrapper.application; includeInIndex = 0; path = MapPractice.app; sourceTree = BUILT_PRODUCTS_DIR; };
		8C88836220185E62000EA645 /* AppDelegate.swift */ = {isa = PBXFileReference; lastKnownFileType = sourcecode.swift; path = AppDelegate.swift; sourceTree = "<group>"; };
		8C88836420185E62000EA645 /* ViewController.swift */ = {isa = PBXFileReference; lastKnownFileType = sourcecode.swift; path = ViewController.swift; sourceTree = "<group>"; };
		8C88836720185E62000EA645 /* Base */ = {isa = PBXFileReference; lastKnownFileType = file.storyboard; name = Base; path = Base.lproj/Main.storyboard; sourceTree = "<group>"; };
		8C88836920185E63000EA645 /* Assets.xcassets */ = {isa = PBXFileReference; lastKnownFileType = folder.assetcatalog; path = Assets.xcassets; sourceTree = "<group>"; };
		8C88836C20185E63000EA645 /* Base */ = {isa = PBXFileReference; lastKnownFileType = file.storyboard; name = Base; path = Base.lproj/LaunchScreen.storyboard; sourceTree = "<group>"; };
		8C88836E20185E63000EA645 /* Info.plist */ = {isa = PBXFileReference; lastKnownFileType = text.plist.xml; path = Info.plist; sourceTree = "<group>"; };
		E64D9740DE150415639101CF /* Pods-MapPractice.release.xcconfig */ = {isa = PBXFileReference; includeInIndex = 1; lastKnownFileType = text.xcconfig; name = "Pods-MapPractice.release.xcconfig"; path = "Pods/Target Support Files/Pods-MapPractice/Pods-MapPractice.release.xcconfig"; sourceTree = "<group>"; };
		FD68DB36502C1BFD94BBDBDE /* Pods-MapPractice.debug.xcconfig */ = {isa = PBXFileReference; includeInIndex = 1; lastKnownFileType = text.xcconfig; name = "Pods-MapPractice.debug.xcconfig"; path = "Pods/Target Support Files/Pods-MapPractice/Pods-MapPractice.debug.xcconfig"; sourceTree = "<group>"; };
/* End PBXFileReference section */

/* Begin PBXFrameworksBuildPhase section */
		8C88835C20185E61000EA645 /* Frameworks */ = {
			isa = PBXFrameworksBuildPhase;
			buildActionMask = 2147483647;
			files = (
				4FA5C0B4FEE001771DD3182A /* Pods_MapPractice.framework in Frameworks */,
			);
			runOnlyForDeploymentPostprocessing = 0;
		};
/* End PBXFrameworksBuildPhase section */

/* Begin PBXGroup section */
		2A38FCDB5DADFC855C08E77C /* Pods */ = {
			isa = PBXGroup;
			children = (
				FD68DB36502C1BFD94BBDBDE /* Pods-MapPractice.debug.xcconfig */,
				E64D9740DE150415639101CF /* Pods-MapPractice.release.xcconfig */,
			);
			name = Pods;
			sourceTree = "<group>";
		};
		4D7E34ED1EAC8D91A3163C16 /* Frameworks */ = {
			isa = PBXGroup;
			children = (
				10FE09A367DDFA5D3A681B51 /* Pods_MapPractice.framework */,
			);
			name = Frameworks;
			sourceTree = "<group>";
		};
		8C88835620185E61000EA645 = {
			isa = PBXGroup;
			children = (
				8C88836120185E62000EA645 /* MapPractice */,
				8C88836020185E61000EA645 /* Products */,
				2A38FCDB5DADFC855C08E77C /* Pods */,
				4D7E34ED1EAC8D91A3163C16 /* Frameworks */,
			);
			sourceTree = "<group>";
		};
		8C88836020185E61000EA645 /* Products */ = {
			isa = PBXGroup;
			children = (
				8C88835F20185E61000EA645 /* MapPractice.app */,
			);
			name = Products;
			sourceTree = "<group>";
		};
		8C88836120185E62000EA645 /* MapPractice */ = {
			isa = PBXGroup;
			children = (
				8C88836220185E62000EA645 /* AppDelegate.swift */,
				8C88836420185E62000EA645 /* ViewController.swift */,
				8C88836620185E62000EA645 /* Main.storyboard */,
				8C88836920185E63000EA645 /* Assets.xcassets */,
				8C88836B20185E63000EA645 /* LaunchScreen.storyboard */,
				8C88836E20185E63000EA645 /* Info.plist */,
			);
			path = MapPractice;
			sourceTree = "<group>";
		};
/* End PBXGroup section */

/* Begin PBXNativeTarget section */
		8C88835E20185E61000EA645 /* MapPractice */ = {
			isa = PBXNativeTarget;
			buildConfigurationList = 8C88837120185E63000EA645 /* Build configuration list for PBXNativeTarget "MapPractice" */;
			buildPhases = (
				E99BA95FD1516916A49263A3 /* [CP] Check Pods Manifest.lock */,
				8C88835B20185E61000EA645 /* Sources */,
				8C88835C20185E61000EA645 /* Frameworks */,
				8C88835D20185E61000EA645 /* Resources */,
				412330387A543DEF429C47AB /* [CP] Embed Pods Frameworks */,
				23E7AD330D4BF0ED986A0079 /* [CP] Copy Pods Resources */,
			);
			buildRules = (
			);
			dependencies = (
			);
			name = MapPractice;
			productName = MapPractice;
			productReference = 8C88835F20185E61000EA645 /* MapPractice.app */;
			productType = "com.apple.product-type.application";
		};
/* End PBXNativeTarget section */

/* Begin PBXProject section */
		8C88835720185E61000EA645 /* Project object */ = {
			isa = PBXProject;
			attributes = {
				LastSwiftUpdateCheck = 0920;
				LastUpgradeCheck = 0920;
				ORGANIZATIONNAME = me;
				TargetAttributes = {
					8C88835E20185E61000EA645 = {
						CreatedOnToolsVersion = 9.2;
						ProvisioningStyle = Automatic;
					};
				};
			};
			buildConfigurationList = 8C88835A20185E61000EA645 /* Build configuration list for PBXProject "MapPractice" */;
			compatibilityVersion = "Xcode 8.0";
			developmentRegion = en;
			hasScannedForEncodings = 0;
			knownRegions = (
				en,
				Base,
			);
			mainGroup = 8C88835620185E61000EA645;
			productRefGroup = 8C88836020185E61000EA645 /* Products */;
			projectDirPath = "";
			projectRoot = "";
			targets = (
				8C88835E20185E61000EA645 /* MapPractice */,
			);
		};
/* End PBXProject section */

/* Begin PBXResourcesBuildPhase section */
		8C88835D20185E61000EA645 /* Resources */ = {
			isa = PBXResourcesBuildPhase;
			buildActionMask = 2147483647;
			files = (
				8C88836D20185E63000EA645 /* LaunchScreen.storyboard in Resources */,
				8C88836A20185E63000EA645 /* Assets.xcassets in Resources */,
				8C88836820185E62000EA645 /* Main.storyboard in Resources */,
			);
			runOnlyForDeploymentPostprocessing = 0;
		};
/* End PBXResourcesBuildPhase section */

/* Begin PBXShellScriptBuildPhase section */
		23E7AD330D4BF0ED986A0079 /* [CP] Copy Pods Resources */ = {
			isa = PBXShellScriptBuildPhase;
			buildActionMask = 2147483647;
			files = (
			);
			inputPaths = (
				"${SRCROOT}/Pods/Target Support Files/Pods-MapPractice/Pods-MapPractice-resources.sh",
				"${PODS_ROOT}/GoogleMaps/Maps/Frameworks/GoogleMaps.framework/Resources/GoogleMaps.bundle",
				"${PODS_ROOT}/GooglePlaces/Frameworks/GooglePlaces.framework/Resources/GooglePlaces.bundle",
			);
			name = "[CP] Copy Pods Resources";
			outputPaths = (
				"${TARGET_BUILD_DIR}/${UNLOCALIZED_RESOURCES_FOLDER_PATH}/GoogleMaps.bundle",
				"${TARGET_BUILD_DIR}/${UNLOCALIZED_RESOURCES_FOLDER_PATH}/GooglePlaces.bundle",
			);
			runOnlyForDeploymentPostprocessing = 0;
			shellPath = /bin/sh;
			shellScript = "\"${SRCROOT}/Pods/Target Support Files/Pods-MapPractice/Pods-MapPractice-resources.sh\"\n";
			showEnvVarsInLog = 0;
		};
		412330387A543DEF429C47AB /* [CP] Embed Pods Frameworks */ = {
			isa = PBXShellScriptBuildPhase;
			buildActionMask = 2147483647;
			files = (
			);
			inputPaths = (
			);
			name = "[CP] Embed Pods Frameworks";
			outputPaths = (
			);
			runOnlyForDeploymentPostprocessing = 0;
			shellPath = /bin/sh;
			shellScript = "\"${SRCROOT}/Pods/Target Support Files/Pods-MapPractice/Pods-MapPractice-frameworks.sh\"\n";
			showEnvVarsInLog = 0;
		};
		E99BA95FD1516916A49263A3 /* [CP] Check Pods Manifest.lock */ = {
			isa = PBXShellScriptBuildPhase;
			buildActionMask = 2147483647;
			files = (
			);
			inputPaths = (
				"${PODS_PODFILE_DIR_PATH}/Podfile.lock",
				"${PODS_ROOT}/Manifest.lock",
			);
			name = "[CP] Check Pods Manifest.lock";
			outputPaths = (
				"$(DERIVED_FILE_DIR)/Pods-MapPractice-checkManifestLockResult.txt",
			);
			runOnlyForDeploymentPostprocessing = 0;
			shellPath = /bin/sh;
			shellScript = "diff \"${PODS_PODFILE_DIR_PATH}/Podfile.lock\" \"${PODS_ROOT}/Manifest.lock\" > /dev/null\nif [ $? != 0 ] ; then\n    # print error to STDERR\n    echo \"error: The sandbox is not in sync with the Podfile.lock. Run 'pod install' or update your CocoaPods installation.\" >&2\n    exit 1\nfi\n# This output is used by Xcode 'outputs' to avoid re-running this script phase.\necho \"SUCCESS\" > \"${SCRIPT_OUTPUT_FILE_0}\"\n";
			showEnvVarsInLog = 0;
		};
/* End PBXShellScriptBuildPhase section */

/* Begin PBXSourcesBuildPhase section */
		8C88835B20185E61000EA645 /* Sources */ = {
			isa = PBXSourcesBuildPhase;
			buildActionMask = 2147483647;
			files = (
				8C88836520185E62000EA645 /* ViewController.swift in Sources */,
				8C88836320185E62000EA645 /* AppDelegate.swift in Sources */,
			);
			runOnlyForDeploymentPostprocessing = 0;
		};
/* End PBXSourcesBuildPhase section */

/* Begin PBXVariantGroup section */
		8C88836620185E62000EA645 /* Main.storyboard */ = {
			isa = PBXVariantGroup;
			children = (
				8C88836720185E62000EA645 /* Base */,
			);
			name = Main.storyboard;
			sourceTree = "<group>";
		};
		8C88836B20185E63000EA645 /* LaunchScreen.storyboard */ = {
			isa = PBXVariantGroup;
			children = (
				8C88836C20185E63000EA645 /* Base */,
			);
			name = LaunchScreen.storyboard;
			sourceTree = "<group>";
		};
/* End PBXVariantGroup section */

/* Begin XCBuildConfiguration section */
		8C88836F20185E63000EA645 /* Debug */ = {
			isa = XCBuildConfiguration;
			buildSettings = {
				ALWAYS_SEARCH_USER_PATHS = NO;
				CLANG_ANALYZER_NONNULL = YES;
				CLANG_ANALYZER_NUMBER_OBJECT_CONVERSION = YES_AGGRESSIVE;
				CLANG_CXX_LANGUAGE_STANDARD = "gnu++14";
				CLANG_CXX_LIBRARY = "libc++";
				CLANG_ENABLE_MODULES = YES;
				CLANG_ENABLE_OBJC_ARC = YES;
				CLANG_WARN_BLOCK_CAPTURE_AUTORELEASING = YES;
				CLANG_WARN_BOOL_CONVERSION = YES;
				CLANG_WARN_COMMA = YES;
				CLANG_WARN_CONSTANT_CONVERSION = YES;
				CLANG_WARN_DIRECT_OBJC_ISA_USAGE = YES_ERROR;
				CLANG_WARN_DOCUMENTATION_COMMENTS = YES;
				CLANG_WARN_EMPTY_BODY = YES;
				CLANG_WARN_ENUM_CONVERSION = YES;
				CLANG_WARN_INFINITE_RECURSION = YES;
				CLANG_WARN_INT_CONVERSION = YES;
				CLANG_WARN_NON_LITERAL_NULL_CONVERSION = YES;
				CLANG_WARN_OBJC_LITERAL_CONVERSION = YES;
				CLANG_WARN_OBJC_ROOT_CLASS = YES_ERROR;
				CLANG_WARN_RANGE_LOOP_ANALYSIS = YES;
				CLANG_WARN_STRICT_PROTOTYPES = YES;
				CLANG_WARN_SUSPICIOUS_MOVE = YES;
				CLANG_WARN_UNGUARDED_AVAILABILITY = YES_AGGRESSIVE;
				CLANG_WARN_UNREACHABLE_CODE = YES;
				CLANG_WARN__DUPLICATE_METHOD_MATCH = YES;
				CODE_SIGN_IDENTITY = "iPhone Developer";
				COPY_PHASE_STRIP = NO;
				DEBUG_INFORMATION_FORMAT = dwarf;
				ENABLE_STRICT_OBJC_MSGSEND = YES;
				ENABLE_TESTABILITY = YES;
				GCC_C_LANGUAGE_STANDARD = gnu11;
				GCC_DYNAMIC_NO_PIC = NO;
				GCC_NO_COMMON_BLOCKS = YES;
				GCC_OPTIMIZATION_LEVEL = 0;
				GCC_PREPROCESSOR_DEFINITIONS = (
					"DEBUG=1",
					"$(inherited)",
				);
				GCC_WARN_64_TO_32_BIT_CONVERSION = YES;
				GCC_WARN_ABOUT_RETURN_TYPE = YES_ERROR;
				GCC_WARN_UNDECLARED_SELECTOR = YES;
				GCC_WARN_UNINITIALIZED_AUTOS = YES_AGGRESSIVE;
				GCC_WARN_UNUSED_FUNCTION = YES;
				GCC_WARN_UNUSED_VARIABLE = YES;
				IPHONEOS_DEPLOYMENT_TARGET = 11.2;
				MTL_ENABLE_DEBUG_INFO = YES;
				ONLY_ACTIVE_ARCH = YES;
				SDKROOT = iphoneos;
				SWIFT_ACTIVE_COMPILATION_CONDITIONS = DEBUG;
				SWIFT_OPTIMIZATION_LEVEL = "-Onone";
			};
			name = Debug;
		};
		8C88837020185E63000EA645 /* Release */ = {
			isa = XCBuildConfiguration;
			buildSettings = {
				ALWAYS_SEARCH_USER_PATHS = NO;
				CLANG_ANALYZER_NONNULL = YES;
				CLANG_ANALYZER_NUMBER_OBJECT_CONVERSION = YES_AGGRESSIVE;
				CLANG_CXX_LANGUAGE_STANDARD = "gnu++14";
				CLANG_CXX_LIBRARY = "libc++";
				CLANG_ENABLE_MODULES = YES;
				CLANG_ENABLE_OBJC_ARC = YES;
				CLANG_WARN_BLOCK_CAPTURE_AUTORELEASING = YES;
				CLANG_WARN_BOOL_CONVERSION = YES;
				CLANG_WARN_COMMA = YES;
				CLANG_WARN_CONSTANT_CONVERSION = YES;
				CLANG_WARN_DIRECT_OBJC_ISA_USAGE = YES_ERROR;
				CLANG_WARN_DOCUMENTATION_COMMENTS = YES;
				CLANG_WARN_EMPTY_BODY = YES;
				CLANG_WARN_ENUM_CONVERSION = YES;
				CLANG_WARN_INFINITE_RECURSION = YES;
				CLANG_WARN_INT_CONVERSION = YES;
				CLANG_WARN_NON_LITERAL_NULL_CONVERSION = YES;
				CLANG_WARN_OBJC_LITERAL_CONVERSION = YES;
				CLANG_WARN_OBJC_ROOT_CLASS = YES_ERROR;
				CLANG_WARN_RANGE_LOOP_ANALYSIS = YES;
				CLANG_WARN_STRICT_PROTOTYPES = YES;
				CLANG_WARN_SUSPICIOUS_MOVE = YES;
				CLANG_WARN_UNGUARDED_AVAILABILITY = YES_AGGRESSIVE;
				CLANG_WARN_UNREACHABLE_CODE = YES;
				CLANG_WARN__DUPLICATE_METHOD_MATCH = YES;
				CODE_SIGN_IDENTITY = "iPhone Developer";
				COPY_PHASE_STRIP = NO;
				DEBUG_INFORMATION_FORMAT = "dwarf-with-dsym";
				ENABLE_NS_ASSERTIONS = NO;
				ENABLE_STRICT_OBJC_MSGSEND = YES;
				GCC_C_LANGUAGE_STANDARD = gnu11;
				GCC_NO_COMMON_BLOCKS = YES;
				GCC_WARN_64_TO_32_BIT_CONVERSION = YES;
				GCC_WARN_ABOUT_RETURN_TYPE = YES_ERROR;
				GCC_WARN_UNDECLARED_SELECTOR = YES;
				GCC_WARN_UNINITIALIZED_AUTOS = YES_AGGRESSIVE;
				GCC_WARN_UNUSED_FUNCTION = YES;
				GCC_WARN_UNUSED_VARIABLE = YES;
				IPHONEOS_DEPLOYMENT_TARGET = 11.2;
				MTL_ENABLE_DEBUG_INFO = NO;
				SDKROOT = iphoneos;
				SWIFT_OPTIMIZATION_LEVEL = "-Owholemodule";
				VALIDATE_PRODUCT = YES;
			};
			name = Release;
		};
		8C88837220185E63000EA645 /* Debug */ = {
			isa = XCBuildConfiguration;
			baseConfigurationReference = FD68DB36502C1BFD94BBDBDE /* Pods-MapPractice.debug.xcconfig */;
			buildSettings = {
				ASSETCATALOG_COMPILER_APPICON_NAME = AppIcon;
				CODE_SIGN_STYLE = Automatic;
				INFOPLIST_FILE = MapPractice/Info.plist;
				LD_RUNPATH_SEARCH_PATHS = "$(inherited) @executable_path/Frameworks";
				PRODUCT_BUNDLE_IDENTIFIER = kr.ac.korea.MapPractice;
				PRODUCT_NAME = "$(TARGET_NAME)";
				SWIFT_VERSION = 4.0;
				TARGETED_DEVICE_FAMILY = "1,2";
			};
			name = Debug;
		};
		8C88837320185E63000EA645 /* Release */ = {
			isa = XCBuildConfiguration;
			baseConfigurationReference = E64D9740DE150415639101CF /* Pods-MapPractice.release.xcconfig */;
			buildSettings = {
				ASSETCATALOG_COMPILER_APPICON_NAME = AppIcon;
				CODE_SIGN_STYLE = Automatic;
				INFOPLIST_FILE = MapPractice/Info.plist;
				LD_RUNPATH_SEARCH_PATHS = "$(inherited) @executable_path/Frameworks";
				PRODUCT_BUNDLE_IDENTIFIER = kr.ac.korea.MapPractice;
				PRODUCT_NAME = "$(TARGET_NAME)";
				SWIFT_VERSION = 4.0;
				TARGETED_DEVICE_FAMILY = "1,2";
			};
			name = Release;
		};
/* End XCBuildConfiguration section */

/* Begin XCConfigurationList section */
		8C88835A20185E61000EA645 /* Build configuration list for PBXProject "MapPractice" */ = {
			isa = XCConfigurationList;
			buildConfigurations = (
				8C88836F20185E63000EA645 /* Debug */,
				8C88837020185E63000EA645 /* Release */,
			);
			defaultConfigurationIsVisible = 0;
			defaultConfigurationName = Release;
		};
		8C88837120185E63000EA645 /* Build configuration list for PBXNativeTarget "MapPractice" */ = {
			isa = XCConfigurationList;
			buildConfigurations = (
				8C88837220185E63000EA645 /* Debug */,
				8C88837320185E63000EA645 /* Release */,
			);
			defaultConfigurationIsVisible = 0;
			defaultConfigurationName = Release;
		};
/* End XCConfigurationList section */
	};
	rootObject = 8C88835720185E61000EA645 /* Project object */;
}
